
Microsoft Visual Studio Solution File, Format Version 12.00
# Visual Studio 14
VisualStudioVersion = 14.0.24720.0
MinimumVisualStudioVersion = 10.0.40219.1
Project("{FAE04EC0-301F-11D3-BF4B-00C04F79EFBC}") = "SqlProcBinder", "SqlProcBinder.csproj", "{4CB74471-0145-4644-A81F-D860B94D2126}"
EndProject
Project("{2150E333-8FDC-42A3-9474-1A3956D46DE8}") = "Core", "Core", "{9757EF77-3DCC-4AC1-B5BC-4732248E363B}"
EndProject
Project("{FAE04EC0-301F-11D3-BF4B-00C04F79EFBC}") = "SqlProcBinder.Tests", "..\SqlProcBinder.Tests\SqlProcBinder.Tests.csproj", "{50C297E5-21E3-45A4-B63A-22C52C8B7339}"
EndProject
Project("{FAE04EC0-301F-11D3-BF4B-00C04F79EFBC}") = "CodeGenerator", "..\CodeGenerator\CodeGenerator.csproj", "{917B04F2-90F7-4436-B06B-9702D9746FF8}"
EndProject
Project("{FAE04EC0-301F-11D3-BF4B-00C04F79EFBC}") = "CodeGenerator.Tests", "..\CodeGenerator.Tests\CodeGenerator.Tests.csproj", "{62F67284-4D02-4AB0-A1C2-6988A8B7D65D}"
EndProject
Global
	GlobalSection(SolutionConfigurationPlatforms) = preSolution
		Debug|Any CPU = Debug|Any CPU
		Release|Any CPU = Release|Any CPU
	EndGlobalSection
	GlobalSection(ProjectConfigurationPlatforms) = postSolution
		{4CB74471-0145-4644-A81F-D860B94D2126}.Debug|Any CPU.ActiveCfg = Debug|Any CPU
		{4CB74471-0145-4644-A81F-D860B94D2126}.Debug|Any CPU.Build.0 = Debug|Any CPU
		{4CB74471-0145-4644-A81F-D860B94D2126}.Release|Any CPU.ActiveCfg = Release|Any CPU
		{4CB74471-0145-4644-A81F-D860B94D2126}.Release|Any CPU.Build.0 = Release|Any CPU
		{50C297E5-21E3-45A4-B63A-22C52C8B7339}.Debug|Any CPU.ActiveCfg = Debug|Any CPU
		{50C297E5-21E3-45A4-B63A-22C52C8B7339}.Debug|Any CPU.Build.0 = Debug|Any CPU
		{50C297E5-21E3-45A4-B63A-22C52C8B7339}.Release|Any CPU.ActiveCfg = Release|Any CPU
		{50C297E5-21E3-45A4-B63A-22C52C8B7339}.Release|Any CPU.Build.0 = Release|Any CPU
		{917B04F2-90F7-4436-B06B-9702D9746FF8}.Debug|Any CPU.ActiveCfg = Debug|Any CPU
		{917B04F2-90F7-4436-B06B-9702D9746FF8}.Debug|Any CPU.Build.0 = Debug|Any CPU
		{917B04F2-90F7-4436-B06B-9702D9746FF8}.Release|Any CPU.ActiveCfg = Release|Any CPU
		{917B04F2-90F7-4436-B06B-9702D9746FF8}.Release|Any CPU.Build.0 = Release|Any CPU
		{62F67284-4D02-4AB0-A1C2-6988A8B7D65D}.Debug|Any CPU.ActiveCfg = Debug|Any CPU
		{62F67284-4D02-4AB0-A1C2-6988A8B7D65D}.Debug|Any CPU.Build.0 = Debug|Any CPU
		{62F67284-4D02-4AB0-A1C2-6988A8B7D65D}.Release|Any CPU.ActiveCfg = Release|Any CPU
		{62F67284-4D02-4AB0-A1C2-6988A8B7D65D}.Release|Any CPU.Build.0 = Release|Any CPU
	EndGlobalSection
	GlobalSection(SolutionProperties) = preSolution
		HideSolutionNode = FALSE
	EndGlobalSection
	GlobalSection(NestedProjects) = preSolution
		{4CB74471-0145-4644-A81F-D860B94D2126} = {9757EF77-3DCC-4AC1-B5BC-4732248E363B}
		{50C297E5-21E3-45A4-B63A-22C52C8B7339} = {9757EF77-3DCC-4AC1-B5BC-4732248E363B}
		{917B04F2-90F7-4436-B06B-9702D9746FF8} = {9757EF77-3DCC-4AC1-B5BC-4732248E363B}
		{62F67284-4D02-4AB0-A1C2-6988A8B7D65D} = {9757EF77-3DCC-4AC1-B5BC-4732248E363B}
	EndGlobalSection
EndGlobal
